
Microsoft Visual Studio Solution File, Format Version 12.00
# Visual Studio 14
VisualStudioVersion = 14.0.25420.1
MinimumVisualStudioVersion = 10.0.40219.1
Project("{F2A71F9B-5D33-465A-A702-920D77279786}") = "ConcatPDFs", "src\ConcatPDFs.fsproj", "{F6CC3AF6-5FE3-4643-A16F-8F7BEFE40779}"
EndProject
Global
	GlobalSection(SolutionConfigurationPlatforms) = preSolution
		Debug|Any CPU = Debug|Any CPU
		Release|Any CPU = Release|Any CPU
	EndGlobalSection
	GlobalSection(ProjectConfigurationPlatforms) = postSolution
		{F6CC3AF6-5FE3-4643-A16F-8F7BEFE40779}.Debug|Any CPU.ActiveCfg = Debug|Any CPU
		{F6CC3AF6-5FE3-4643-A16F-8F7BEFE40779}.Debug|Any CPU.Build.0 = Debug|Any CPU
		{F6CC3AF6-5FE3-4643-A16F-8F7BEFE40779}.Release|Any CPU.ActiveCfg = Release|Any CPU
		{F6CC3AF6-5FE3-4643-A16F-8F7BEFE40779}.Release|Any CPU.Build.0 = Release|Any CPU
	EndGlobalSection
	GlobalSection(SolutionProperties) = preSolution
		HideSolutionNode = FALSE
	EndGlobalSection
EndGlobal
